
Microsoft Visual Studio Solution File, Format Version 12.00
# Visual Studio Version 17
VisualStudioVersion = 17.0.31903.59
MinimumVisualStudioVersion = 10.0.40219.1
Project("{2150E333-8FDC-42A3-9474-1A3956D46DE8}") = "00004_csharp_functions", "00004_csharp_functions", "{FA2AB84C-D71F-4ABA-BE7E-4ABE13DD9BCA}"
EndProject
Project("{2150E333-8FDC-42A3-9474-1A3956D46DE8}") = "00004_00001_function_basics", "00004_00001_function_basics", "{059CF44E-192C-4D77-9B4A-E9321830DE96}"
EndProject
Project("{FAE04EC0-301F-11D3-BF4B-00C04F79EFBC}") = "FunctionBasics", "00004_csharp_functions\00004_00001_function_basics\FunctionBasics\FunctionBasics.csproj", "{1402E5E1-4D57-4BBA-9E5B-7D3DC7D07B68}"
EndProject
Project("{2150E333-8FDC-42A3-9474-1A3956D46DE8}") = "00004_00002_named_and_default_parameters", "00004_00002_named_and_default_parameters", "{E4A2625E-E8E2-4EF2-80C6-18C4723C2ECC}"
EndProject
Project("{FAE04EC0-301F-11D3-BF4B-00C04F79EFBC}") = "NamedAndDefaultParameters", "00004_csharp_functions\00004_00002_named_and_default_parameters\NamedAndDefaultParameters\NamedAndDefaultParameters.csproj", "{880A5AD4-E54B-49BE-80F2-E5197BFAA867}"
EndProject
Project("{2150E333-8FDC-42A3-9474-1A3956D46DE8}") = "00004_00003_references_ref_and_out_parameters", "00004_00003_references_ref_and_out_parameters", "{19928267-6B41-4BB3-8865-B448AD8C19F4}"
EndProject
Project("{FAE04EC0-301F-11D3-BF4B-00C04F79EFBC}") = "ReferenceRefAndOutParameters", "00004_csharp_functions\00004_00003_references_ref_and_out_parameters\ReferenceRefAndOutParameters\ReferenceRefAndOutParameters.csproj", "{1620F153-FFD2-49CB-B81D-626FBD9E29A2}"
EndProject
Project("{2150E333-8FDC-42A3-9474-1A3956D46DE8}") = "00004_00004_returning_multiple_values", "00004_00004_returning_multiple_values", "{88266ABC-83BB-4B13-96F2-06D0519DAE0D}"
EndProject
Project("{FAE04EC0-301F-11D3-BF4B-00C04F79EFBC}") = "ReturningMultipleValues", "00004_csharp_functions\00004_00004_returning_multiple_values\ReturningMultipleValues\ReturningMultipleValues.csproj", "{E05929ED-95E8-4212-986D-0FCBCA41D093}"
EndProject
Project("{2150E333-8FDC-42A3-9474-1A3956D46DE8}") = "00004_00005_code_challenge_palindrome", "00004_00005_code_challenge_palindrome", "{39C13D72-1016-47A1-B0EF-5F61F35C2DEB}"
EndProject
Project("{FAE04EC0-301F-11D3-BF4B-00C04F79EFBC}") = "Palindrome", "00004_csharp_functions\00004_00005_code_challenge_palindrome\Palindrome\Palindrome.csproj", "{E48A59FA-7CDB-4F8D-BE1D-10B83774632A}"
EndProject
Project("{2150E333-8FDC-42A3-9474-1A3956D46DE8}") = "00005_object_oriented_csharp", "00005_object_oriented_csharp", "{A346BE86-3A0F-466B-9C1F-ED2980282170}"
EndProject
Project("{2150E333-8FDC-42A3-9474-1A3956D46DE8}") = "00005_00001_defining_csharp_classes", "00005_00001_defining_csharp_classes", "{7D091CC7-B3C8-44CB-8F17-9C34D31911A2}"
EndProject
Project("{2150E333-8FDC-42A3-9474-1A3956D46DE8}") = "DefiningCSharpClasses", "DefiningCSharpClasses", "{7E10A665-DB61-4CF8-BE24-530CFCB8442F}"
EndProject
Project("{FAE04EC0-301F-11D3-BF4B-00C04F79EFBC}") = "Book", "00005_object_oriented_csharp\00005_00001_defining_csharp_classes\DefiningCSharpClasses\Book\Book.csproj", "{4F943F3B-6200-431C-8BB7-3BED811EBFB8}"
EndProject
Project("{FAE04EC0-301F-11D3-BF4B-00C04F79EFBC}") = "BookDemo", "00005_object_oriented_csharp\00005_00001_defining_csharp_classes\DefiningCSharpClasses\BookDemo\BookDemo.csproj", "{76131933-F59E-42B6-BBD1-4D4424B8B3D3}"
EndProject
Project("{2150E333-8FDC-42A3-9474-1A3956D46DE8}") = "00005_00002_access_modifiers", "00005_00002_access_modifiers", "{28B77470-AA60-4C36-9EBC-9663425F2226}"
EndProject
Project("{FAE04EC0-301F-11D3-BF4B-00C04F79EFBC}") = "ClassA", "00005_object_oriented_csharp\00005_00002_access_modifiers\ClassA\ClassA.csproj", "{B1619967-FADB-47D8-8C6D-D969E5493810}"
EndProject
Project("{FAE04EC0-301F-11D3-BF4B-00C04F79EFBC}") = "ClassB", "00005_object_oriented_csharp\00005_00002_access_modifiers\ClassB\ClassB.csproj", "{306AAEE9-B33F-418E-9E3A-6DA510F252BE}"
EndProject
Project("{FAE04EC0-301F-11D3-BF4B-00C04F79EFBC}") = "ClassC", "00005_object_oriented_csharp\00005_00002_access_modifiers\ClassC\ClassC.csproj", "{BA40DD37-4124-4734-B608-4E68C599E46D}"
EndProject
Project("{2150E333-8FDC-42A3-9474-1A3956D46DE8}") = "00005_00006_code_challenge_bank", "00005_00006_code_challenge_bank", "{841116FB-65D0-4FFE-9DD8-8EF015332276}"
EndProject
Project("{FAE04EC0-301F-11D3-BF4B-00C04F79EFBC}") = "Bank", "00005_object_oriented_csharp\00005_00006_code_challenge_bank\Bank\Bank.csproj", "{ED0586A6-786A-4BE3-9D02-EDFE59AACDB2}"
EndProject
Project("{FAE04EC0-301F-11D3-BF4B-00C04F79EFBC}") = "CheckingAccount", "00005_object_oriented_csharp\00005_00006_code_challenge_bank\CheckingAccount\CheckingAccount.csproj", "{39A22294-1843-4081-B9A4-72A8F042C1BD}"
EndProject
Project("{FAE04EC0-301F-11D3-BF4B-00C04F79EFBC}") = "SavingsAccount", "00005_object_oriented_csharp\00005_00006_code_challenge_bank\SavingsAccount\SavingsAccount.csproj", "{893E67B5-27F7-4E19-918B-6B5DC07BC101}"
EndProject
Project("{FAE04EC0-301F-11D3-BF4B-00C04F79EFBC}") = "BankDemo", "00005_object_oriented_csharp\00005_00006_code_challenge_bank\BankDemo\BankDemo.csproj", "{49735E6E-35F6-4BAB-8739-8CA31025158D}"
EndProject
Global
	GlobalSection(SolutionConfigurationPlatforms) = preSolution
		Debug|Any CPU = Debug|Any CPU
		Release|Any CPU = Release|Any CPU
	EndGlobalSection
	GlobalSection(SolutionProperties) = preSolution
		HideSolutionNode = FALSE
	EndGlobalSection
	GlobalSection(ProjectConfigurationPlatforms) = postSolution
		{1402E5E1-4D57-4BBA-9E5B-7D3DC7D07B68}.Debug|Any CPU.ActiveCfg = Debug|Any CPU
		{1402E5E1-4D57-4BBA-9E5B-7D3DC7D07B68}.Debug|Any CPU.Build.0 = Debug|Any CPU
		{1402E5E1-4D57-4BBA-9E5B-7D3DC7D07B68}.Release|Any CPU.ActiveCfg = Release|Any CPU
		{1402E5E1-4D57-4BBA-9E5B-7D3DC7D07B68}.Release|Any CPU.Build.0 = Release|Any CPU
		{880A5AD4-E54B-49BE-80F2-E5197BFAA867}.Debug|Any CPU.ActiveCfg = Debug|Any CPU
		{880A5AD4-E54B-49BE-80F2-E5197BFAA867}.Debug|Any CPU.Build.0 = Debug|Any CPU
		{880A5AD4-E54B-49BE-80F2-E5197BFAA867}.Release|Any CPU.ActiveCfg = Release|Any CPU
		{880A5AD4-E54B-49BE-80F2-E5197BFAA867}.Release|Any CPU.Build.0 = Release|Any CPU
		{1620F153-FFD2-49CB-B81D-626FBD9E29A2}.Debug|Any CPU.ActiveCfg = Debug|Any CPU
		{1620F153-FFD2-49CB-B81D-626FBD9E29A2}.Debug|Any CPU.Build.0 = Debug|Any CPU
		{1620F153-FFD2-49CB-B81D-626FBD9E29A2}.Release|Any CPU.ActiveCfg = Release|Any CPU
		{1620F153-FFD2-49CB-B81D-626FBD9E29A2}.Release|Any CPU.Build.0 = Release|Any CPU
		{E05929ED-95E8-4212-986D-0FCBCA41D093}.Debug|Any CPU.ActiveCfg = Debug|Any CPU
		{E05929ED-95E8-4212-986D-0FCBCA41D093}.Debug|Any CPU.Build.0 = Debug|Any CPU
		{E05929ED-95E8-4212-986D-0FCBCA41D093}.Release|Any CPU.ActiveCfg = Release|Any CPU
		{E05929ED-95E8-4212-986D-0FCBCA41D093}.Release|Any CPU.Build.0 = Release|Any CPU
		{E48A59FA-7CDB-4F8D-BE1D-10B83774632A}.Debug|Any CPU.ActiveCfg = Debug|Any CPU
		{E48A59FA-7CDB-4F8D-BE1D-10B83774632A}.Debug|Any CPU.Build.0 = Debug|Any CPU
		{E48A59FA-7CDB-4F8D-BE1D-10B83774632A}.Release|Any CPU.ActiveCfg = Release|Any CPU
		{E48A59FA-7CDB-4F8D-BE1D-10B83774632A}.Release|Any CPU.Build.0 = Release|Any CPU
		{4F943F3B-6200-431C-8BB7-3BED811EBFB8}.Debug|Any CPU.ActiveCfg = Debug|Any CPU
		{4F943F3B-6200-431C-8BB7-3BED811EBFB8}.Debug|Any CPU.Build.0 = Debug|Any CPU
		{4F943F3B-6200-431C-8BB7-3BED811EBFB8}.Release|Any CPU.ActiveCfg = Release|Any CPU
		{4F943F3B-6200-431C-8BB7-3BED811EBFB8}.Release|Any CPU.Build.0 = Release|Any CPU
		{76131933-F59E-42B6-BBD1-4D4424B8B3D3}.Debug|Any CPU.ActiveCfg = Debug|Any CPU
		{76131933-F59E-42B6-BBD1-4D4424B8B3D3}.Debug|Any CPU.Build.0 = Debug|Any CPU
		{76131933-F59E-42B6-BBD1-4D4424B8B3D3}.Release|Any CPU.ActiveCfg = Release|Any CPU
		{76131933-F59E-42B6-BBD1-4D4424B8B3D3}.Release|Any CPU.Build.0 = Release|Any CPU
		{B1619967-FADB-47D8-8C6D-D969E5493810}.Debug|Any CPU.ActiveCfg = Debug|Any CPU
		{B1619967-FADB-47D8-8C6D-D969E5493810}.Debug|Any CPU.Build.0 = Debug|Any CPU
		{B1619967-FADB-47D8-8C6D-D969E5493810}.Release|Any CPU.ActiveCfg = Release|Any CPU
		{B1619967-FADB-47D8-8C6D-D969E5493810}.Release|Any CPU.Build.0 = Release|Any CPU
		{306AAEE9-B33F-418E-9E3A-6DA510F252BE}.Debug|Any CPU.ActiveCfg = Debug|Any CPU
		{306AAEE9-B33F-418E-9E3A-6DA510F252BE}.Debug|Any CPU.Build.0 = Debug|Any CPU
		{306AAEE9-B33F-418E-9E3A-6DA510F252BE}.Release|Any CPU.ActiveCfg = Release|Any CPU
		{306AAEE9-B33F-418E-9E3A-6DA510F252BE}.Release|Any CPU.Build.0 = Release|Any CPU
		{BA40DD37-4124-4734-B608-4E68C599E46D}.Debug|Any CPU.ActiveCfg = Debug|Any CPU
		{BA40DD37-4124-4734-B608-4E68C599E46D}.Debug|Any CPU.Build.0 = Debug|Any CPU
		{BA40DD37-4124-4734-B608-4E68C599E46D}.Release|Any CPU.ActiveCfg = Release|Any CPU
		{BA40DD37-4124-4734-B608-4E68C599E46D}.Release|Any CPU.Build.0 = Release|Any CPU
		{ED0586A6-786A-4BE3-9D02-EDFE59AACDB2}.Debug|Any CPU.ActiveCfg = Debug|Any CPU
		{ED0586A6-786A-4BE3-9D02-EDFE59AACDB2}.Debug|Any CPU.Build.0 = Debug|Any CPU
		{ED0586A6-786A-4BE3-9D02-EDFE59AACDB2}.Release|Any CPU.ActiveCfg = Release|Any CPU
		{ED0586A6-786A-4BE3-9D02-EDFE59AACDB2}.Release|Any CPU.Build.0 = Release|Any CPU
		{39A22294-1843-4081-B9A4-72A8F042C1BD}.Debug|Any CPU.ActiveCfg = Debug|Any CPU
		{39A22294-1843-4081-B9A4-72A8F042C1BD}.Debug|Any CPU.Build.0 = Debug|Any CPU
		{39A22294-1843-4081-B9A4-72A8F042C1BD}.Release|Any CPU.ActiveCfg = Release|Any CPU
		{39A22294-1843-4081-B9A4-72A8F042C1BD}.Release|Any CPU.Build.0 = Release|Any CPU
		{893E67B5-27F7-4E19-918B-6B5DC07BC101}.Debug|Any CPU.ActiveCfg = Debug|Any CPU
		{893E67B5-27F7-4E19-918B-6B5DC07BC101}.Debug|Any CPU.Build.0 = Debug|Any CPU
		{893E67B5-27F7-4E19-918B-6B5DC07BC101}.Release|Any CPU.ActiveCfg = Release|Any CPU
		{893E67B5-27F7-4E19-918B-6B5DC07BC101}.Release|Any CPU.Build.0 = Release|Any CPU
		{49735E6E-35F6-4BAB-8739-8CA31025158D}.Debug|Any CPU.ActiveCfg = Debug|Any CPU
		{49735E6E-35F6-4BAB-8739-8CA31025158D}.Debug|Any CPU.Build.0 = Debug|Any CPU
		{49735E6E-35F6-4BAB-8739-8CA31025158D}.Release|Any CPU.ActiveCfg = Release|Any CPU
		{49735E6E-35F6-4BAB-8739-8CA31025158D}.Release|Any CPU.Build.0 = Release|Any CPU
	EndGlobalSection
	GlobalSection(NestedProjects) = preSolution
		{059CF44E-192C-4D77-9B4A-E9321830DE96} = {FA2AB84C-D71F-4ABA-BE7E-4ABE13DD9BCA}
		{1402E5E1-4D57-4BBA-9E5B-7D3DC7D07B68} = {059CF44E-192C-4D77-9B4A-E9321830DE96}
		{E4A2625E-E8E2-4EF2-80C6-18C4723C2ECC} = {FA2AB84C-D71F-4ABA-BE7E-4ABE13DD9BCA}
		{880A5AD4-E54B-49BE-80F2-E5197BFAA867} = {E4A2625E-E8E2-4EF2-80C6-18C4723C2ECC}
		{19928267-6B41-4BB3-8865-B448AD8C19F4} = {FA2AB84C-D71F-4ABA-BE7E-4ABE13DD9BCA}
		{1620F153-FFD2-49CB-B81D-626FBD9E29A2} = {19928267-6B41-4BB3-8865-B448AD8C19F4}
		{88266ABC-83BB-4B13-96F2-06D0519DAE0D} = {FA2AB84C-D71F-4ABA-BE7E-4ABE13DD9BCA}
		{E05929ED-95E8-4212-986D-0FCBCA41D093} = {88266ABC-83BB-4B13-96F2-06D0519DAE0D}
		{39C13D72-1016-47A1-B0EF-5F61F35C2DEB} = {FA2AB84C-D71F-4ABA-BE7E-4ABE13DD9BCA}
		{E48A59FA-7CDB-4F8D-BE1D-10B83774632A} = {39C13D72-1016-47A1-B0EF-5F61F35C2DEB}
		{7D091CC7-B3C8-44CB-8F17-9C34D31911A2} = {A346BE86-3A0F-466B-9C1F-ED2980282170}
		{7E10A665-DB61-4CF8-BE24-530CFCB8442F} = {7D091CC7-B3C8-44CB-8F17-9C34D31911A2}
		{4F943F3B-6200-431C-8BB7-3BED811EBFB8} = {7E10A665-DB61-4CF8-BE24-530CFCB8442F}
		{76131933-F59E-42B6-BBD1-4D4424B8B3D3} = {7E10A665-DB61-4CF8-BE24-530CFCB8442F}
		{28B77470-AA60-4C36-9EBC-9663425F2226} = {A346BE86-3A0F-466B-9C1F-ED2980282170}
		{B1619967-FADB-47D8-8C6D-D969E5493810} = {28B77470-AA60-4C36-9EBC-9663425F2226}
		{306AAEE9-B33F-418E-9E3A-6DA510F252BE} = {28B77470-AA60-4C36-9EBC-9663425F2226}
		{BA40DD37-4124-4734-B608-4E68C599E46D} = {28B77470-AA60-4C36-9EBC-9663425F2226}
		{841116FB-65D0-4FFE-9DD8-8EF015332276} = {A346BE86-3A0F-466B-9C1F-ED2980282170}
		{ED0586A6-786A-4BE3-9D02-EDFE59AACDB2} = {841116FB-65D0-4FFE-9DD8-8EF015332276}
		{39A22294-1843-4081-B9A4-72A8F042C1BD} = {841116FB-65D0-4FFE-9DD8-8EF015332276}
		{893E67B5-27F7-4E19-918B-6B5DC07BC101} = {841116FB-65D0-4FFE-9DD8-8EF015332276}
		{49735E6E-35F6-4BAB-8739-8CA31025158D} = {841116FB-65D0-4FFE-9DD8-8EF015332276}
	EndGlobalSection
EndGlobal
