
Microsoft Visual Studio Solution File, Format Version 12.00
# Visual Studio Version 17
VisualStudioVersion = 17.0.31903.59
MinimumVisualStudioVersion = 10.0.40219.1
Project("{FAE04EC0-301F-11D3-BF4B-00C04F79EFBC}") = "048_csharp_properties_everything_you_need_to_know", "048_csharp_properties_everything_you_need_to_know\048_csharp_properties_everything_you_need_to_know.csproj", "{031EC317-9C7A-4621-9494-B1E9E8906A8A}"
EndProject
Project("{FAE04EC0-301F-11D3-BF4B-00C04F79EFBC}") = "User", "User\User.csproj", "{AD2AC09E-A751-4112-8C0D-C5FFA04E56FE}"
EndProject
Global
	GlobalSection(SolutionConfigurationPlatforms) = preSolution
		Debug|Any CPU = Debug|Any CPU
		Release|Any CPU = Release|Any CPU
	EndGlobalSection
	GlobalSection(SolutionProperties) = preSolution
		HideSolutionNode = FALSE
	EndGlobalSection
	GlobalSection(ProjectConfigurationPlatforms) = postSolution
		{031EC317-9C7A-4621-9494-B1E9E8906A8A}.Debug|Any CPU.ActiveCfg = Debug|Any CPU
		{031EC317-9C7A-4621-9494-B1E9E8906A8A}.Debug|Any CPU.Build.0 = Debug|Any CPU
		{031EC317-9C7A-4621-9494-B1E9E8906A8A}.Release|Any CPU.ActiveCfg = Release|Any CPU
		{031EC317-9C7A-4621-9494-B1E9E8906A8A}.Release|Any CPU.Build.0 = Release|Any CPU
		{AD2AC09E-A751-4112-8C0D-C5FFA04E56FE}.Debug|Any CPU.ActiveCfg = Debug|Any CPU
		{AD2AC09E-A751-4112-8C0D-C5FFA04E56FE}.Debug|Any CPU.Build.0 = Debug|Any CPU
		{AD2AC09E-A751-4112-8C0D-C5FFA04E56FE}.Release|Any CPU.ActiveCfg = Release|Any CPU
		{AD2AC09E-A751-4112-8C0D-C5FFA04E56FE}.Release|Any CPU.Build.0 = Release|Any CPU
	EndGlobalSection
EndGlobal
